// !$*UTF8*$!
{
	archiveVersion = 1;
	classes = {
	};
	objectVersion = 46;
	objects = {

/* Begin PBXBuildFile section */
		D0B947D51CCA91950012A5C0 /* main.m in Sources */ = {isa = PBXBuildFile; fileRef = D0B947D41CCA91950012A5C0 /* main.m */; };
		D0B947D81CCA91950012A5C0 /* AppDelegate.m in Sources */ = {isa = PBXBuildFile; fileRef = D0B947D71CCA91950012A5C0 /* AppDelegate.m */; };
		D0B947E01CCA91960012A5C0 /* Assets.xcassets in Resources */ = {isa = PBXBuildFile; fileRef = D0B947DF1CCA91960012A5C0 /* Assets.xcassets */; };
		D0B947E31CCA91960012A5C0 /* LaunchScreen.storyboard in Resources */ = {isa = PBXBuildFile; fileRef = D0B947E11CCA91960012A5C0 /* LaunchScreen.storyboard */; };
/* End PBXBuildFile section */

/* Begin PBXFileReference section */
		D0B947D01CCA91950012A5C0 /* OCScanAndQR.app */ = {isa = PBXFileReference; explicitFileType = wrapper.application; includeInIndex = 0; path = OCScanAndQR.app; sourceTree = BUILT_PRODUCTS_DIR; };
		D0B947D41CCA91950012A5C0 /* main.m */ = {isa = PBXFileReference; lastKnownFileType = sourcecode.c.objc; path = main.m; sourceTree = "<group>"; };
		D0B947D61CCA91950012A5C0 /* AppDelegate.h */ = {isa = PBXFileReference; lastKnownFileType = sourcecode.c.h; name = AppDelegate.h; path = ../AppDelegate.h; sourceTree = "<group>"; };
		D0B947D71CCA91950012A5C0 /* AppDelegate.m */ = {isa = PBXFileReference; lastKnownFileType = sourcecode.c.objc; name = AppDelegate.m; path = ../AppDelegate.m; sourceTree = "<group>"; };
		D0B947DF1CCA91960012A5C0 /* Assets.xcassets */ = {isa = PBXFileReference; lastKnownFileType = folder.assetcatalog; name = Assets.xcassets; path = ../Assets.xcassets; sourceTree = "<group>"; };
		D0B947E21CCA91960012A5C0 /* Base */ = {isa = PBXFileReference; lastKnownFileType = file.storyboard; name = Base; path = Base.lproj/LaunchScreen.storyboard; sourceTree = "<group>"; };
		D0B947E41CCA91960012A5C0 /* Info.plist */ = {isa = PBXFileReference; lastKnownFileType = text.plist.xml; name = Info.plist; path = ../Info.plist; sourceTree = "<group>"; };
/* End PBXFileReference section */

/* Begin PBXFrameworksBuildPhase section */
		D0B947CD1CCA91950012A5C0 /* Frameworks */ = {
			isa = PBXFrameworksBuildPhase;
			buildActionMask = 2147483647;
			files = (
			);
			runOnlyForDeploymentPostprocessing = 0;
		};
/* End PBXFrameworksBuildPhase section */

/* Begin PBXGroup section */
		D0B947C71CCA91950012A5C0 = {
			isa = PBXGroup;
			children = (
				D0B947D21CCA91950012A5C0 /* OCScanAndQR */,
				D0B947D11CCA91950012A5C0 /* Products */,
			);
			sourceTree = "<group>";
		};
		D0B947D11CCA91950012A5C0 /* Products */ = {
			isa = PBXGroup;
			children = (
				D0B947D01CCA91950012A5C0 /* OCScanAndQR.app */,
			);
			name = Products;
			sourceTree = "<group>";
		};
		D0B947D21CCA91950012A5C0 /* OCScanAndQR */ = {
			isa = PBXGroup;
			children = (
				D0B947EA1CCA97AC0012A5C0 /* Public */,
				D0B947EB1CCA97AC0012A5C0 /* QR */,
				D0B947EC1CCA97AC0012A5C0 /* Scan */,
				D0B947D31CCA91950012A5C0 /* Supporting Files */,
			);
			path = OCScanAndQR;
			sourceTree = "<group>";
		};
		D0B947D31CCA91950012A5C0 /* Supporting Files */ = {
			isa = PBXGroup;
			children = (
				D0B947D41CCA91950012A5C0 /* main.m */,
			);
			name = "Supporting Files";
			sourceTree = "<group>";
		};
		D0B947EA1CCA97AC0012A5C0 /* Public */ = {
			isa = PBXGroup;
			children = (
				D0B947D61CCA91950012A5C0 /* AppDelegate.h */,
				D0B947D71CCA91950012A5C0 /* AppDelegate.m */,
				D0B947DF1CCA91960012A5C0 /* Assets.xcassets */,
				D0B947E11CCA91960012A5C0 /* LaunchScreen.storyboard */,
				D0B947E41CCA91960012A5C0 /* Info.plist */,
			);
			path = Public;
			sourceTree = "<group>";
		};
		D0B947EB1CCA97AC0012A5C0 /* QR */ = {
			isa = PBXGroup;
			children = (
			);
			path = QR;
			sourceTree = "<group>";
		};
		D0B947EC1CCA97AC0012A5C0 /* Scan */ = {
			isa = PBXGroup;
			children = (
			);
			path = Scan;
			sourceTree = "<group>";
		};
/* End PBXGroup section */

/* Begin PBXNativeTarget section */
		D0B947CF1CCA91950012A5C0 /* OCScanAndQR */ = {
			isa = PBXNativeTarget;
			buildConfigurationList = D0B947E71CCA91960012A5C0 /* Build configuration list for PBXNativeTarget "OCScanAndQR" */;
			buildPhases = (
				D0B947CC1CCA91950012A5C0 /* Sources */,
				D0B947CD1CCA91950012A5C0 /* Frameworks */,
				D0B947CE1CCA91950012A5C0 /* Resources */,
			);
			buildRules = (
			);
			dependencies = (
			);
			name = OCScanAndQR;
			productName = OCScanAndQR;
			productReference = D0B947D01CCA91950012A5C0 /* OCScanAndQR.app */;
			productType = "com.apple.product-type.application";
		};
/* End PBXNativeTarget section */

/* Begin PBXProject section */
		D0B947C81CCA91950012A5C0 /* Project object */ = {
			isa = PBXProject;
			attributes = {
				LastUpgradeCheck = 0730;
				ORGANIZATIONNAME = LW;
				TargetAttributes = {
					D0B947CF1CCA91950012A5C0 = {
						CreatedOnToolsVersion = 7.3;
						DevelopmentTeam = 2S87YM5WH6;
					};
				};
			};
			buildConfigurationList = D0B947CB1CCA91950012A5C0 /* Build configuration list for PBXProject "OCScanAndQR" */;
			compatibilityVersion = "Xcode 3.2";
			developmentRegion = English;
			hasScannedForEncodings = 0;
			knownRegions = (
				en,
				Base,
			);
			mainGroup = D0B947C71CCA91950012A5C0;
			productRefGroup = D0B947D11CCA91950012A5C0 /* Products */;
			projectDirPath = "";
			projectRoot = "";
			targets = (
				D0B947CF1CCA91950012A5C0 /* OCScanAndQR */,
			);
		};
/* End PBXProject section */

/* Begin PBXResourcesBuildPhase section */
		D0B947CE1CCA91950012A5C0 /* Resources */ = {
			isa = PBXResourcesBuildPhase;
			buildActionMask = 2147483647;
			files = (
				D0B947E31CCA91960012A5C0 /* LaunchScreen.storyboard in Resources */,
				D0B947E01CCA91960012A5C0 /* Assets.xcassets in Resources */,
			);
			runOnlyForDeploymentPostprocessing = 0;
		};
/* End PBXResourcesBuildPhase section */

/* Begin PBXSourcesBuildPhase section */
		D0B947CC1CCA91950012A5C0 /* Sources */ = {
			isa = PBXSourcesBuildPhase;
			buildActionMask = 2147483647;
			files = (
				D0B947D81CCA91950012A5C0 /* AppDelegate.m in Sources */,
				D0B947D51CCA91950012A5C0 /* main.m in Sources */,
			);
			runOnlyForDeploymentPostprocessing = 0;
		};
/* End PBXSourcesBuildPhase section */

/* Begin PBXVariantGroup section */
		D0B947E11CCA91960012A5C0 /* LaunchScreen.storyboard */ = {
			isa = PBXVariantGroup;
			children = (
				D0B947E21CCA91960012A5C0 /* Base */,
			);
			name = LaunchScreen.storyboard;
			path = ..;
			sourceTree = "<group>";
		};
/* End PBXVariantGroup section */

/* Begin XCBuildConfiguration section */
		D0B947E51CCA91960012A5C0 /* Debug */ = {
			isa = XCBuildConfiguration;
			buildSettings = {
				ALWAYS_SEARCH_USER_PATHS = NO;
				CLANG_ANALYZER_NONNULL = YES;
				CLANG_CXX_LANGUAGE_STANDARD = "gnu++0x";
				CLANG_CXX_LIBRARY = "libc++";
				CLANG_ENABLE_MODULES = YES;
				CLANG_ENABLE_OBJC_ARC = YES;
				CLANG_WARN_BOOL_CONVERSION = YES;
				CLANG_WARN_CONSTANT_CONVERSION = YES;
				CLANG_WARN_DIRECT_OBJC_ISA_USAGE = YES_ERROR;
				CLANG_WARN_EMPTY_BODY = YES;
				CLANG_WARN_ENUM_CONVERSION = YES;
				CLANG_WARN_INT_CONVERSION = YES;
				CLANG_WARN_OBJC_ROOT_CLASS = YES_ERROR;
				CLANG_WARN_UNREACHABLE_CODE = YES;
				CLANG_WARN__DUPLICATE_METHOD_MATCH = YES;
				"CODE_SIGN_IDENTITY[sdk=iphoneos*]" = "iPhone Developer";
				COPY_PHASE_STRIP = NO;
				DEBUG_INFORMATION_FORMAT = dwarf;
				ENABLE_STRICT_OBJC_MSGSEND = YES;
				ENABLE_TESTABILITY = YES;
				GCC_C_LANGUAGE_STANDARD = gnu99;
				GCC_DYNAMIC_NO_PIC = NO;
				GCC_NO_COMMON_BLOCKS = YES;
				GCC_OPTIMIZATION_LEVEL = 0;
				GCC_PREPROCESSOR_DEFINITIONS = (
					"DEBUG=1",
					"$(inherited)",
				);
				GCC_WARN_64_TO_32_BIT_CONVERSION = YES;
				GCC_WARN_ABOUT_RETURN_TYPE = YES_ERROR;
				GCC_WARN_UNDECLARED_SELECTOR = YES;
				GCC_WARN_UNINITIALIZED_AUTOS = YES_AGGRESSIVE;
				GCC_WARN_UNUSED_FUNCTION = YES;
				GCC_WARN_UNUSED_VARIABLE = YES;
				IPHONEOS_DEPLOYMENT_TARGET = 9.3;
				MTL_ENABLE_DEBUG_INFO = YES;
				ONLY_ACTIVE_ARCH = YES;
				SDKROOT = iphoneos;
			};
			name = Debug;
		};
		D0B947E61CCA91960012A5C0 /* Release */ = {
			isa = XCBuildConfiguration;
			buildSettings = {
				ALWAYS_SEARCH_USER_PATHS = NO;
				CLANG_ANALYZER_NONNULL = YES;
				CLANG_CXX_LANGUAGE_STANDARD = "gnu++0x";
				CLANG_CXX_LIBRARY = "libc++";
				CLANG_ENABLE_MODULES = YES;
				CLANG_ENABLE_OBJC_ARC = YES;
				CLANG_WARN_BOOL_CONVERSION = YES;
				CLANG_WARN_CONSTANT_CONVERSION = YES;
				CLANG_WARN_DIRECT_OBJC_ISA_USAGE = YES_ERROR;
				CLANG_WARN_EMPTY_BODY = YES;
				CLANG_WARN_ENUM_CONVERSION = YES;
				CLANG_WARN_INT_CONVERSION = YES;
				CLANG_WARN_OBJC_ROOT_CLASS = YES_ERROR;
				CLANG_WARN_UNREACHABLE_CODE = YES;
				CLANG_WARN__DUPLICATE_METHOD_MATCH = YES;
				"CODE_SIGN_IDENTITY[sdk=iphoneos*]" = "iPhone Developer";
				COPY_PHASE_STRIP = NO;
				DEBUG_INFORMATION_FORMAT = "dwarf-with-dsym";
				ENABLE_NS_ASSERTIONS = NO;
				ENABLE_STRICT_OBJC_MSGSEND = YES;
				GCC_C_LANGUAGE_STANDARD = gnu99;
				GCC_NO_COMMON_BLOCKS = YES;
				GCC_WARN_64_TO_32_BIT_CONVERSION = YES;
				GCC_WARN_ABOUT_RETURN_TYPE = YES_ERROR;
				GCC_WARN_UNDECLARED_SELECTOR = YES;
				GCC_WARN_UNINITIALIZED_AUTOS = YES_AGGRESSIVE;
				GCC_WARN_UNUSED_FUNCTION = YES;
				GCC_WARN_UNUSED_VARIABLE = YES;
				IPHONEOS_DEPLOYMENT_TARGET = 9.3;
				MTL_ENABLE_DEBUG_INFO = NO;
				SDKROOT = iphoneos;
				VALIDATE_PRODUCT = YES;
			};
			name = Release;
		};
		D0B947E81CCA91960012A5C0 /* Debug */ = {
			isa = XCBuildConfiguration;
			buildSettings = {
				ASSETCATALOG_COMPILER_APPICON_NAME = AppIcon;
				INFOPLIST_FILE = OCScanAndQR/Info.plist;
				IPHONEOS_DEPLOYMENT_TARGET = 8.0;
				LD_RUNPATH_SEARCH_PATHS = "$(inherited) @executable_path/Frameworks";
				PRODUCT_BUNDLE_IDENTIFIER = com.liwei.OCScanAndQR;
				PRODUCT_NAME = "$(TARGET_NAME)";
			};
			name = Debug;
		};
		D0B947E91CCA91960012A5C0 /* Release */ = {
			isa = XCBuildConfiguration;
			buildSettings = {
				ASSETCATALOG_COMPILER_APPICON_NAME = AppIcon;
				INFOPLIST_FILE = OCScanAndQR/Info.plist;
				IPHONEOS_DEPLOYMENT_TARGET = 8.0;
				LD_RUNPATH_SEARCH_PATHS = "$(inherited) @executable_path/Frameworks";
				PRODUCT_BUNDLE_IDENTIFIER = com.liwei.OCScanAndQR;
				PRODUCT_NAME = "$(TARGET_NAME)";
			};
			name = Release;
		};
/* End XCBuildConfiguration section */

/* Begin XCConfigurationList section */
		D0B947CB1CCA91950012A5C0 /* Build configuration list for PBXProject "OCScanAndQR" */ = {
			isa = XCConfigurationList;
			buildConfigurations = (
				D0B947E51CCA91960012A5C0 /* Debug */,
				D0B947E61CCA91960012A5C0 /* Release */,
			);
			defaultConfigurationIsVisible = 0;
			defaultConfigurationName = Release;
		};
		D0B947E71CCA91960012A5C0 /* Build configuration list for PBXNativeTarget "OCScanAndQR" */ = {
			isa = XCConfigurationList;
			buildConfigurations = (
				D0B947E81CCA91960012A5C0 /* Debug */,
				D0B947E91CCA91960012A5C0 /* Release */,
			);
			defaultConfigurationIsVisible = 0;
		};
/* End XCConfigurationList section */
	};
	rootObject = D0B947C81CCA91950012A5C0 /* Project object */;
}
